
Microsoft Visual Studio Solution File, Format Version 12.00
# Visual Studio 2013
VisualStudioVersion = 12.0.30501.0
MinimumVisualStudioVersion = 10.0.40219.1
Project("{FAE04EC0-301F-11D3-BF4B-00C04F79EFBC}") = "ICD-WPF", "ICD-WPF\ICD-WPF.csproj", "{A8074484-F46C-4070-8E71-87064ADF6636}"
EndProject
Project("{2150E333-8FDC-42A3-9474-1A3956D46DE8}") = "View", "View", "{741FE8E3-A45C-4BCC-AC61-29C94BDBDB6E}"
EndProject
Project("{2150E333-8FDC-42A3-9474-1A3956D46DE8}") = "Business", "Business", "{261E5357-D10D-47C6-9B01-22E0AF727AB3}"
EndProject
Project("{FAE04EC0-301F-11D3-BF4B-00C04F79EFBC}") = "ICD-WPF.View.View", "ICD-WPF.View.View\ICD-WPF.View.View.csproj", "{19088F13-D41E-4E93-8550-A21935AE8914}"
EndProject
Project("{FAE04EC0-301F-11D3-BF4B-00C04F79EFBC}") = "ICD-WPF.View.ViewModel", "ICD-WPF.View.ViewModel\ICD-WPF.View.ViewModel.csproj", "{C2E45F2F-D2AD-416C-8E7F-4B38F03C2A5C}"
EndProject
Project("{FAE04EC0-301F-11D3-BF4B-00C04F79EFBC}") = "Crosscutting", "Crosscutting\Crosscutting.csproj", "{1CBB02C6-DF91-4786-8F7E-3817E93BCB0E}"
EndProject
Project("{2150E333-8FDC-42A3-9474-1A3956D46DE8}") = "Data", "Data", "{80212C80-4BDF-4E7E-BCDB-F10AFCBBDAB7}"
EndProject
Project("{FAE04EC0-301F-11D3-BF4B-00C04F79EFBC}") = "ICD-WPF.Data.Impl", "ICD-WPF.Data.Impl\ICD-WPF.Data.Impl.csproj", "{57F8AAC4-A297-4D30-A260-E0C4C7E16399}"
EndProject
Project("{FAE04EC0-301F-11D3-BF4B-00C04F79EFBC}") = "ICD-WPF.Data.Interface", "ICD-WPF.Data.Interface\ICD-WPF.Data.Interface.csproj", "{8E42B2BE-2A7D-424B-ACD3-D7725782641A}"
EndProject
Project("{FAE04EC0-301F-11D3-BF4B-00C04F79EFBC}") = "ICD-WPF.Business.Impl", "ICD-WPF.Business.Impl\ICD-WPF.Business.Impl.csproj", "{0940289E-4BD1-4CCB-B4A6-765F54FD301D}"
EndProject
Project("{FAE04EC0-301F-11D3-BF4B-00C04F79EFBC}") = "ICD-WPF.Business.Interface", "ICD-WPF.Business.Interface\ICD-WPF.Business.Interface.csproj", "{783A5B4A-259C-4029-8B83-08C4E1E70288}"
EndProject
Project("{2150E333-8FDC-42A3-9474-1A3956D46DE8}") = "res", "res", "{78A79FE5-B151-4B71-A2A7-A8317E829C96}"
	ProjectSection(SolutionItems) = preProject
		res\icd10gm2014syst_edvascii_20130920.txt = res\icd10gm2014syst_edvascii_20130920.txt
	EndProjectSection
EndProject
Global
	GlobalSection(SolutionConfigurationPlatforms) = preSolution
		Debug|Any CPU = Debug|Any CPU
		Release|Any CPU = Release|Any CPU
	EndGlobalSection
	GlobalSection(ProjectConfigurationPlatforms) = postSolution
		{A8074484-F46C-4070-8E71-87064ADF6636}.Debug|Any CPU.ActiveCfg = Debug|Any CPU
		{A8074484-F46C-4070-8E71-87064ADF6636}.Debug|Any CPU.Build.0 = Debug|Any CPU
		{A8074484-F46C-4070-8E71-87064ADF6636}.Release|Any CPU.ActiveCfg = Release|Any CPU
		{A8074484-F46C-4070-8E71-87064ADF6636}.Release|Any CPU.Build.0 = Release|Any CPU
		{19088F13-D41E-4E93-8550-A21935AE8914}.Debug|Any CPU.ActiveCfg = Debug|Any CPU
		{19088F13-D41E-4E93-8550-A21935AE8914}.Debug|Any CPU.Build.0 = Debug|Any CPU
		{19088F13-D41E-4E93-8550-A21935AE8914}.Release|Any CPU.ActiveCfg = Release|Any CPU
		{19088F13-D41E-4E93-8550-A21935AE8914}.Release|Any CPU.Build.0 = Release|Any CPU
		{C2E45F2F-D2AD-416C-8E7F-4B38F03C2A5C}.Debug|Any CPU.ActiveCfg = Debug|Any CPU
		{C2E45F2F-D2AD-416C-8E7F-4B38F03C2A5C}.Debug|Any CPU.Build.0 = Debug|Any CPU
		{C2E45F2F-D2AD-416C-8E7F-4B38F03C2A5C}.Release|Any CPU.ActiveCfg = Release|Any CPU
		{C2E45F2F-D2AD-416C-8E7F-4B38F03C2A5C}.Release|Any CPU.Build.0 = Release|Any CPU
		{1CBB02C6-DF91-4786-8F7E-3817E93BCB0E}.Debug|Any CPU.ActiveCfg = Debug|Any CPU
		{1CBB02C6-DF91-4786-8F7E-3817E93BCB0E}.Debug|Any CPU.Build.0 = Debug|Any CPU
		{1CBB02C6-DF91-4786-8F7E-3817E93BCB0E}.Release|Any CPU.ActiveCfg = Release|Any CPU
		{1CBB02C6-DF91-4786-8F7E-3817E93BCB0E}.Release|Any CPU.Build.0 = Release|Any CPU
		{57F8AAC4-A297-4D30-A260-E0C4C7E16399}.Debug|Any CPU.ActiveCfg = Debug|Any CPU
		{57F8AAC4-A297-4D30-A260-E0C4C7E16399}.Debug|Any CPU.Build.0 = Debug|Any CPU
		{57F8AAC4-A297-4D30-A260-E0C4C7E16399}.Release|Any CPU.ActiveCfg = Release|Any CPU
		{57F8AAC4-A297-4D30-A260-E0C4C7E16399}.Release|Any CPU.Build.0 = Release|Any CPU
		{8E42B2BE-2A7D-424B-ACD3-D7725782641A}.Debug|Any CPU.ActiveCfg = Debug|Any CPU
		{8E42B2BE-2A7D-424B-ACD3-D7725782641A}.Debug|Any CPU.Build.0 = Debug|Any CPU
		{8E42B2BE-2A7D-424B-ACD3-D7725782641A}.Release|Any CPU.ActiveCfg = Release|Any CPU
		{8E42B2BE-2A7D-424B-ACD3-D7725782641A}.Release|Any CPU.Build.0 = Release|Any CPU
		{0940289E-4BD1-4CCB-B4A6-765F54FD301D}.Debug|Any CPU.ActiveCfg = Debug|Any CPU
		{0940289E-4BD1-4CCB-B4A6-765F54FD301D}.Debug|Any CPU.Build.0 = Debug|Any CPU
		{0940289E-4BD1-4CCB-B4A6-765F54FD301D}.Release|Any CPU.ActiveCfg = Release|Any CPU
		{0940289E-4BD1-4CCB-B4A6-765F54FD301D}.Release|Any CPU.Build.0 = Release|Any CPU
		{783A5B4A-259C-4029-8B83-08C4E1E70288}.Debug|Any CPU.ActiveCfg = Debug|Any CPU
		{783A5B4A-259C-4029-8B83-08C4E1E70288}.Debug|Any CPU.Build.0 = Debug|Any CPU
		{783A5B4A-259C-4029-8B83-08C4E1E70288}.Release|Any CPU.ActiveCfg = Release|Any CPU
		{783A5B4A-259C-4029-8B83-08C4E1E70288}.Release|Any CPU.Build.0 = Release|Any CPU
	EndGlobalSection
	GlobalSection(SolutionProperties) = preSolution
		HideSolutionNode = FALSE
	EndGlobalSection
	GlobalSection(NestedProjects) = preSolution
		{19088F13-D41E-4E93-8550-A21935AE8914} = {741FE8E3-A45C-4BCC-AC61-29C94BDBDB6E}
		{C2E45F2F-D2AD-416C-8E7F-4B38F03C2A5C} = {741FE8E3-A45C-4BCC-AC61-29C94BDBDB6E}
		{57F8AAC4-A297-4D30-A260-E0C4C7E16399} = {80212C80-4BDF-4E7E-BCDB-F10AFCBBDAB7}
		{8E42B2BE-2A7D-424B-ACD3-D7725782641A} = {80212C80-4BDF-4E7E-BCDB-F10AFCBBDAB7}
		{0940289E-4BD1-4CCB-B4A6-765F54FD301D} = {261E5357-D10D-47C6-9B01-22E0AF727AB3}
		{783A5B4A-259C-4029-8B83-08C4E1E70288} = {261E5357-D10D-47C6-9B01-22E0AF727AB3}
	EndGlobalSection
EndGlobal
